
Microsoft Visual Studio Solution File, Format Version 12.00
# Visual Studio 15
VisualStudioVersion = 15.0.26730.8
MinimumVisualStudioVersion = 10.0.40219.1
Project("{FAE04EC0-301F-11D3-BF4B-00C04F79EFBC}") = "01 Contadino", "01 Contadino\01 Contadino.csproj", "{0CD4E426-E1E7-4656-BEC5-A0FAA7CD896C}"
EndProject
Project("{FAE04EC0-301F-11D3-BF4B-00C04F79EFBC}") = "02 Party", "02 Party\02 Party.csproj", "{EE6F9F3F-779D-4BE0-A830-B2D42D28BFEF}"
EndProject
Project("{FAE04EC0-301F-11D3-BF4B-00C04F79EFBC}") = "03 Tariffa", "03 Tariffa\03 Tariffa.csproj", "{B42630AA-41BD-44DC-BFCB-5ABCC9385866}"
EndProject
Project("{FAE04EC0-301F-11D3-BF4B-00C04F79EFBC}") = "00 BASE MVVM", "00 BASE MVVM\00 BASE MVVM.csproj", "{BB73917D-4300-4E99-9428-5F05D6FD2893}"
EndProject
Project("{FAE04EC0-301F-11D3-BF4B-00C04F79EFBC}") = "04 Weather", "04 Weather\04 Weather.csproj", "{F49CC9F3-AC5D-4446-BD67-1231B99C8023}"
EndProject
Project("{FAE04EC0-301F-11D3-BF4B-00C04F79EFBC}") = "05 SecondoGrado", "05 SecondoGrado\05 SecondoGrado.csproj", "{89F6C6E8-E47D-4695-BE7D-7998086A0552}"
EndProject
Global
	GlobalSection(SolutionConfigurationPlatforms) = preSolution
		Debug|Any CPU = Debug|Any CPU
		Release|Any CPU = Release|Any CPU
	EndGlobalSection
	GlobalSection(ProjectConfigurationPlatforms) = postSolution
		{0CD4E426-E1E7-4656-BEC5-A0FAA7CD896C}.Debug|Any CPU.ActiveCfg = Debug|Any CPU
		{0CD4E426-E1E7-4656-BEC5-A0FAA7CD896C}.Debug|Any CPU.Build.0 = Debug|Any CPU
		{0CD4E426-E1E7-4656-BEC5-A0FAA7CD896C}.Release|Any CPU.ActiveCfg = Release|Any CPU
		{0CD4E426-E1E7-4656-BEC5-A0FAA7CD896C}.Release|Any CPU.Build.0 = Release|Any CPU
		{EE6F9F3F-779D-4BE0-A830-B2D42D28BFEF}.Debug|Any CPU.ActiveCfg = Debug|Any CPU
		{EE6F9F3F-779D-4BE0-A830-B2D42D28BFEF}.Debug|Any CPU.Build.0 = Debug|Any CPU
		{EE6F9F3F-779D-4BE0-A830-B2D42D28BFEF}.Release|Any CPU.ActiveCfg = Release|Any CPU
		{EE6F9F3F-779D-4BE0-A830-B2D42D28BFEF}.Release|Any CPU.Build.0 = Release|Any CPU
		{B42630AA-41BD-44DC-BFCB-5ABCC9385866}.Debug|Any CPU.ActiveCfg = Debug|Any CPU
		{B42630AA-41BD-44DC-BFCB-5ABCC9385866}.Debug|Any CPU.Build.0 = Debug|Any CPU
		{B42630AA-41BD-44DC-BFCB-5ABCC9385866}.Release|Any CPU.ActiveCfg = Release|Any CPU
		{B42630AA-41BD-44DC-BFCB-5ABCC9385866}.Release|Any CPU.Build.0 = Release|Any CPU
		{BB73917D-4300-4E99-9428-5F05D6FD2893}.Debug|Any CPU.ActiveCfg = Debug|Any CPU
		{BB73917D-4300-4E99-9428-5F05D6FD2893}.Debug|Any CPU.Build.0 = Debug|Any CPU
		{BB73917D-4300-4E99-9428-5F05D6FD2893}.Release|Any CPU.ActiveCfg = Release|Any CPU
		{BB73917D-4300-4E99-9428-5F05D6FD2893}.Release|Any CPU.Build.0 = Release|Any CPU
		{F49CC9F3-AC5D-4446-BD67-1231B99C8023}.Debug|Any CPU.ActiveCfg = Debug|Any CPU
		{F49CC9F3-AC5D-4446-BD67-1231B99C8023}.Debug|Any CPU.Build.0 = Debug|Any CPU
		{F49CC9F3-AC5D-4446-BD67-1231B99C8023}.Release|Any CPU.ActiveCfg = Release|Any CPU
		{F49CC9F3-AC5D-4446-BD67-1231B99C8023}.Release|Any CPU.Build.0 = Release|Any CPU
		{89F6C6E8-E47D-4695-BE7D-7998086A0552}.Debug|Any CPU.ActiveCfg = Debug|Any CPU
		{89F6C6E8-E47D-4695-BE7D-7998086A0552}.Debug|Any CPU.Build.0 = Debug|Any CPU
		{89F6C6E8-E47D-4695-BE7D-7998086A0552}.Release|Any CPU.ActiveCfg = Release|Any CPU
		{89F6C6E8-E47D-4695-BE7D-7998086A0552}.Release|Any CPU.Build.0 = Release|Any CPU
	EndGlobalSection
	GlobalSection(SolutionProperties) = preSolution
		HideSolutionNode = FALSE
	EndGlobalSection
	GlobalSection(ExtensibilityGlobals) = postSolution
		SolutionGuid = {4F1B57DE-EB1B-48AA-BBED-AA67DB955039}
	EndGlobalSection
EndGlobal
