
Microsoft Visual Studio Solution File, Format Version 12.00
# Visual Studio 15
VisualStudioVersion = 15.0.26730.8
MinimumVisualStudioVersion = 10.0.40219.1
Project("{FAE04EC0-301F-11D3-BF4B-00C04F79EFBC}") = "01 Contadino", "01 Contadino\01 Contadino.csproj", "{0CD4E426-E1E7-4656-BEC5-A0FAA7CD896C}"
EndProject
Project("{FAE04EC0-301F-11D3-BF4B-00C04F79EFBC}") = "02 Party", "02 Party\02 Party.csproj", "{EE6F9F3F-779D-4BE0-A830-B2D42D28BFEF}"
EndProject
Project("{FAE04EC0-301F-11D3-BF4B-00C04F79EFBC}") = "03 Tariffa", "03 Tariffa\03 Tariffa.csproj", "{B42630AA-41BD-44DC-BFCB-5ABCC9385866}"
EndProject
Project("{FAE04EC0-301F-11D3-BF4B-00C04F79EFBC}") = "00 BASE MVVM", "00 BASE MVVM\00 BASE MVVM.csproj", "{BB73917D-4300-4E99-9428-5F05D6FD2893}"
EndProject
Project("{FAE04EC0-301F-11D3-BF4B-00C04F79EFBC}") = "04 Weather", "04 Weather\04 Weather.csproj", "{F49CC9F3-AC5D-4446-BD67-1231B99C8023}"
EndProject
Project("{FAE04EC0-301F-11D3-BF4B-00C04F79EFBC}") = "05 SecondoGrado", "05 SecondoGrado\05 SecondoGrado.csproj", "{89F6C6E8-E47D-4695-BE7D-7998086A0552}"
EndProject
Project("{FAE04EC0-301F-11D3-BF4B-00C04F79EFBC}") = "06 Numeri", "06 Numeri\06 Numeri.csproj", "{BC25FCC7-EBC6-4E2E-9E7A-45BE8AB70DFE}"
EndProject
Project("{FAE04EC0-301F-11D3-BF4B-00C04F79EFBC}") = "07 Password", "07 Password\07 Password.csproj", "{20083836-8553-446E-8E36-0F928153D68D}"
EndProject
Project("{FAE04EC0-301F-11D3-BF4B-00C04F79EFBC}") = "08 CoffeeShop", "08 CoffeeShop\08 CoffeeShop.csproj", "{3D51215D-48E1-45E0-8623-0F7EEEC3FDAF}"
EndProject
Project("{FAE04EC0-301F-11D3-BF4B-00C04F79EFBC}") = "08 CoffeeShop.DA", "08 CoffeeShop.DA\08 CoffeeShop.DA.csproj", "{51CF50E7-6414-451B-BA77-1BE41A0E6192}"
EndProject
Project("{FAE04EC0-301F-11D3-BF4B-00C04F79EFBC}") = "09 RSI", "09 RSI\09 RSI.csproj", "{7377180E-CB62-4007-8A1A-7B3D6EB114C6}"
EndProject
Project("{FAE04EC0-301F-11D3-BF4B-00C04F79EFBC}") = "09 RSI.DA", "09 RSI.DA\09 RSI.DA.csproj", "{DBE20066-F533-45D8-8091-2EF9F270F779}"
EndProject
Global
	GlobalSection(SolutionConfigurationPlatforms) = preSolution
		Debug|Any CPU = Debug|Any CPU
		Debug|x86 = Debug|x86
		Release|Any CPU = Release|Any CPU
		Release|x86 = Release|x86
	EndGlobalSection
	GlobalSection(ProjectConfigurationPlatforms) = postSolution
		{0CD4E426-E1E7-4656-BEC5-A0FAA7CD896C}.Debug|Any CPU.ActiveCfg = Debug|Any CPU
		{0CD4E426-E1E7-4656-BEC5-A0FAA7CD896C}.Debug|Any CPU.Build.0 = Debug|Any CPU
		{0CD4E426-E1E7-4656-BEC5-A0FAA7CD896C}.Debug|x86.ActiveCfg = Debug|Any CPU
		{0CD4E426-E1E7-4656-BEC5-A0FAA7CD896C}.Debug|x86.Build.0 = Debug|Any CPU
		{0CD4E426-E1E7-4656-BEC5-A0FAA7CD896C}.Release|Any CPU.ActiveCfg = Release|Any CPU
		{0CD4E426-E1E7-4656-BEC5-A0FAA7CD896C}.Release|Any CPU.Build.0 = Release|Any CPU
		{0CD4E426-E1E7-4656-BEC5-A0FAA7CD896C}.Release|x86.ActiveCfg = Release|Any CPU
		{0CD4E426-E1E7-4656-BEC5-A0FAA7CD896C}.Release|x86.Build.0 = Release|Any CPU
		{EE6F9F3F-779D-4BE0-A830-B2D42D28BFEF}.Debug|Any CPU.ActiveCfg = Debug|Any CPU
		{EE6F9F3F-779D-4BE0-A830-B2D42D28BFEF}.Debug|Any CPU.Build.0 = Debug|Any CPU
		{EE6F9F3F-779D-4BE0-A830-B2D42D28BFEF}.Debug|x86.ActiveCfg = Debug|Any CPU
		{EE6F9F3F-779D-4BE0-A830-B2D42D28BFEF}.Debug|x86.Build.0 = Debug|Any CPU
		{EE6F9F3F-779D-4BE0-A830-B2D42D28BFEF}.Release|Any CPU.ActiveCfg = Release|Any CPU
		{EE6F9F3F-779D-4BE0-A830-B2D42D28BFEF}.Release|Any CPU.Build.0 = Release|Any CPU
		{EE6F9F3F-779D-4BE0-A830-B2D42D28BFEF}.Release|x86.ActiveCfg = Release|Any CPU
		{EE6F9F3F-779D-4BE0-A830-B2D42D28BFEF}.Release|x86.Build.0 = Release|Any CPU
		{B42630AA-41BD-44DC-BFCB-5ABCC9385866}.Debug|Any CPU.ActiveCfg = Debug|Any CPU
		{B42630AA-41BD-44DC-BFCB-5ABCC9385866}.Debug|Any CPU.Build.0 = Debug|Any CPU
		{B42630AA-41BD-44DC-BFCB-5ABCC9385866}.Debug|x86.ActiveCfg = Debug|Any CPU
		{B42630AA-41BD-44DC-BFCB-5ABCC9385866}.Debug|x86.Build.0 = Debug|Any CPU
		{B42630AA-41BD-44DC-BFCB-5ABCC9385866}.Release|Any CPU.ActiveCfg = Release|Any CPU
		{B42630AA-41BD-44DC-BFCB-5ABCC9385866}.Release|Any CPU.Build.0 = Release|Any CPU
		{B42630AA-41BD-44DC-BFCB-5ABCC9385866}.Release|x86.ActiveCfg = Release|Any CPU
		{B42630AA-41BD-44DC-BFCB-5ABCC9385866}.Release|x86.Build.0 = Release|Any CPU
		{BB73917D-4300-4E99-9428-5F05D6FD2893}.Debug|Any CPU.ActiveCfg = Debug|Any CPU
		{BB73917D-4300-4E99-9428-5F05D6FD2893}.Debug|Any CPU.Build.0 = Debug|Any CPU
		{BB73917D-4300-4E99-9428-5F05D6FD2893}.Debug|x86.ActiveCfg = Debug|Any CPU
		{BB73917D-4300-4E99-9428-5F05D6FD2893}.Debug|x86.Build.0 = Debug|Any CPU
		{BB73917D-4300-4E99-9428-5F05D6FD2893}.Release|Any CPU.ActiveCfg = Release|Any CPU
		{BB73917D-4300-4E99-9428-5F05D6FD2893}.Release|Any CPU.Build.0 = Release|Any CPU
		{BB73917D-4300-4E99-9428-5F05D6FD2893}.Release|x86.ActiveCfg = Release|Any CPU
		{BB73917D-4300-4E99-9428-5F05D6FD2893}.Release|x86.Build.0 = Release|Any CPU
		{F49CC9F3-AC5D-4446-BD67-1231B99C8023}.Debug|Any CPU.ActiveCfg = Debug|Any CPU
		{F49CC9F3-AC5D-4446-BD67-1231B99C8023}.Debug|Any CPU.Build.0 = Debug|Any CPU
		{F49CC9F3-AC5D-4446-BD67-1231B99C8023}.Debug|x86.ActiveCfg = Debug|Any CPU
		{F49CC9F3-AC5D-4446-BD67-1231B99C8023}.Debug|x86.Build.0 = Debug|Any CPU
		{F49CC9F3-AC5D-4446-BD67-1231B99C8023}.Release|Any CPU.ActiveCfg = Release|Any CPU
		{F49CC9F3-AC5D-4446-BD67-1231B99C8023}.Release|Any CPU.Build.0 = Release|Any CPU
		{F49CC9F3-AC5D-4446-BD67-1231B99C8023}.Release|x86.ActiveCfg = Release|Any CPU
		{F49CC9F3-AC5D-4446-BD67-1231B99C8023}.Release|x86.Build.0 = Release|Any CPU
		{89F6C6E8-E47D-4695-BE7D-7998086A0552}.Debug|Any CPU.ActiveCfg = Debug|Any CPU
		{89F6C6E8-E47D-4695-BE7D-7998086A0552}.Debug|Any CPU.Build.0 = Debug|Any CPU
		{89F6C6E8-E47D-4695-BE7D-7998086A0552}.Debug|x86.ActiveCfg = Debug|Any CPU
		{89F6C6E8-E47D-4695-BE7D-7998086A0552}.Debug|x86.Build.0 = Debug|Any CPU
		{89F6C6E8-E47D-4695-BE7D-7998086A0552}.Release|Any CPU.ActiveCfg = Release|Any CPU
		{89F6C6E8-E47D-4695-BE7D-7998086A0552}.Release|Any CPU.Build.0 = Release|Any CPU
		{89F6C6E8-E47D-4695-BE7D-7998086A0552}.Release|x86.ActiveCfg = Release|Any CPU
		{89F6C6E8-E47D-4695-BE7D-7998086A0552}.Release|x86.Build.0 = Release|Any CPU
		{BC25FCC7-EBC6-4E2E-9E7A-45BE8AB70DFE}.Debug|Any CPU.ActiveCfg = Debug|Any CPU
		{BC25FCC7-EBC6-4E2E-9E7A-45BE8AB70DFE}.Debug|Any CPU.Build.0 = Debug|Any CPU
		{BC25FCC7-EBC6-4E2E-9E7A-45BE8AB70DFE}.Debug|x86.ActiveCfg = Debug|Any CPU
		{BC25FCC7-EBC6-4E2E-9E7A-45BE8AB70DFE}.Debug|x86.Build.0 = Debug|Any CPU
		{BC25FCC7-EBC6-4E2E-9E7A-45BE8AB70DFE}.Release|Any CPU.ActiveCfg = Release|Any CPU
		{BC25FCC7-EBC6-4E2E-9E7A-45BE8AB70DFE}.Release|Any CPU.Build.0 = Release|Any CPU
		{BC25FCC7-EBC6-4E2E-9E7A-45BE8AB70DFE}.Release|x86.ActiveCfg = Release|Any CPU
		{BC25FCC7-EBC6-4E2E-9E7A-45BE8AB70DFE}.Release|x86.Build.0 = Release|Any CPU
		{20083836-8553-446E-8E36-0F928153D68D}.Debug|Any CPU.ActiveCfg = Debug|x86
		{20083836-8553-446E-8E36-0F928153D68D}.Debug|x86.ActiveCfg = Debug|x86
		{20083836-8553-446E-8E36-0F928153D68D}.Debug|x86.Build.0 = Debug|x86
		{20083836-8553-446E-8E36-0F928153D68D}.Release|Any CPU.ActiveCfg = Release|x86
		{20083836-8553-446E-8E36-0F928153D68D}.Release|x86.ActiveCfg = Release|x86
		{20083836-8553-446E-8E36-0F928153D68D}.Release|x86.Build.0 = Release|x86
		{3D51215D-48E1-45E0-8623-0F7EEEC3FDAF}.Debug|Any CPU.ActiveCfg = Debug|Any CPU
		{3D51215D-48E1-45E0-8623-0F7EEEC3FDAF}.Debug|Any CPU.Build.0 = Debug|Any CPU
		{3D51215D-48E1-45E0-8623-0F7EEEC3FDAF}.Debug|x86.ActiveCfg = Debug|Any CPU
		{3D51215D-48E1-45E0-8623-0F7EEEC3FDAF}.Debug|x86.Build.0 = Debug|Any CPU
		{3D51215D-48E1-45E0-8623-0F7EEEC3FDAF}.Release|Any CPU.ActiveCfg = Release|Any CPU
		{3D51215D-48E1-45E0-8623-0F7EEEC3FDAF}.Release|Any CPU.Build.0 = Release|Any CPU
		{3D51215D-48E1-45E0-8623-0F7EEEC3FDAF}.Release|x86.ActiveCfg = Release|Any CPU
		{3D51215D-48E1-45E0-8623-0F7EEEC3FDAF}.Release|x86.Build.0 = Release|Any CPU
		{51CF50E7-6414-451B-BA77-1BE41A0E6192}.Debug|Any CPU.ActiveCfg = Debug|Any CPU
		{51CF50E7-6414-451B-BA77-1BE41A0E6192}.Debug|Any CPU.Build.0 = Debug|Any CPU
		{51CF50E7-6414-451B-BA77-1BE41A0E6192}.Debug|x86.ActiveCfg = Debug|Any CPU
		{51CF50E7-6414-451B-BA77-1BE41A0E6192}.Debug|x86.Build.0 = Debug|Any CPU
		{51CF50E7-6414-451B-BA77-1BE41A0E6192}.Release|Any CPU.ActiveCfg = Release|Any CPU
		{51CF50E7-6414-451B-BA77-1BE41A0E6192}.Release|Any CPU.Build.0 = Release|Any CPU
		{51CF50E7-6414-451B-BA77-1BE41A0E6192}.Release|x86.ActiveCfg = Release|Any CPU
		{51CF50E7-6414-451B-BA77-1BE41A0E6192}.Release|x86.Build.0 = Release|Any CPU
		{7377180E-CB62-4007-8A1A-7B3D6EB114C6}.Debug|Any CPU.ActiveCfg = Debug|Any CPU
		{7377180E-CB62-4007-8A1A-7B3D6EB114C6}.Debug|Any CPU.Build.0 = Debug|Any CPU
		{7377180E-CB62-4007-8A1A-7B3D6EB114C6}.Debug|x86.ActiveCfg = Debug|Any CPU
		{7377180E-CB62-4007-8A1A-7B3D6EB114C6}.Debug|x86.Build.0 = Debug|Any CPU
		{7377180E-CB62-4007-8A1A-7B3D6EB114C6}.Release|Any CPU.ActiveCfg = Release|Any CPU
		{7377180E-CB62-4007-8A1A-7B3D6EB114C6}.Release|Any CPU.Build.0 = Release|Any CPU
		{7377180E-CB62-4007-8A1A-7B3D6EB114C6}.Release|x86.ActiveCfg = Release|Any CPU
		{7377180E-CB62-4007-8A1A-7B3D6EB114C6}.Release|x86.Build.0 = Release|Any CPU
		{DBE20066-F533-45D8-8091-2EF9F270F779}.Debug|Any CPU.ActiveCfg = Debug|Any CPU
		{DBE20066-F533-45D8-8091-2EF9F270F779}.Debug|Any CPU.Build.0 = Debug|Any CPU
		{DBE20066-F533-45D8-8091-2EF9F270F779}.Debug|x86.ActiveCfg = Debug|Any CPU
		{DBE20066-F533-45D8-8091-2EF9F270F779}.Debug|x86.Build.0 = Debug|Any CPU
		{DBE20066-F533-45D8-8091-2EF9F270F779}.Release|Any CPU.ActiveCfg = Release|Any CPU
		{DBE20066-F533-45D8-8091-2EF9F270F779}.Release|Any CPU.Build.0 = Release|Any CPU
		{DBE20066-F533-45D8-8091-2EF9F270F779}.Release|x86.ActiveCfg = Release|Any CPU
		{DBE20066-F533-45D8-8091-2EF9F270F779}.Release|x86.Build.0 = Release|Any CPU
	EndGlobalSection
	GlobalSection(SolutionProperties) = preSolution
		HideSolutionNode = FALSE
	EndGlobalSection
	GlobalSection(ExtensibilityGlobals) = postSolution
		SolutionGuid = {4F1B57DE-EB1B-48AA-BBED-AA67DB955039}
	EndGlobalSection
EndGlobal
